
Microsoft Visual Studio Solution File, Format Version 12.00
# Visual Studio Version 16
VisualStudioVersion = 16.0.30517.126
MinimumVisualStudioVersion = 10.0.40219.1
Project("{FAE04EC0-301F-11D3-BF4B-00C04F79EFBC}") = "Nums1to10", "Nums1to10\Nums1to10.csproj", "{46D0956C-5AE7-44B0-AC9E-4286CEE0FA81}"
EndProject
Global
	GlobalSection(SolutionConfigurationPlatforms) = preSolution
		Debug|Any CPU = Debug|Any CPU
		Release|Any CPU = Release|Any CPU
	EndGlobalSection
	GlobalSection(ProjectConfigurationPlatforms) = postSolution
		{46D0956C-5AE7-44B0-AC9E-4286CEE0FA81}.Debug|Any CPU.ActiveCfg = Debug|Any CPU
		{46D0956C-5AE7-44B0-AC9E-4286CEE0FA81}.Debug|Any CPU.Build.0 = Debug|Any CPU
		{46D0956C-5AE7-44B0-AC9E-4286CEE0FA81}.Release|Any CPU.ActiveCfg = Release|Any CPU
		{46D0956C-5AE7-44B0-AC9E-4286CEE0FA81}.Release|Any CPU.Build.0 = Release|Any CPU
	EndGlobalSection
	GlobalSection(SolutionProperties) = preSolution
		HideSolutionNode = FALSE
	EndGlobalSection
	GlobalSection(ExtensibilityGlobals) = postSolution
		SolutionGuid = {916D8FEF-D275-489F-8230-C75D4E9102F2}
	EndGlobalSection
EndGlobal
